{
  "nodes": {
    "aicli": {
      "inputs": {
        "nixpkgs": "nixpkgs"
      },
      "locked": {
        "lastModified": 1734026755,
        "narHash": "sha256-eM4HLobDpMOHonbU/NJ87BooE+tBG1L5Hh+8JlnGulo=",
        "owner": "sergei-mironov",
        "repo": "aicli",
        "rev": "10d152c696c30cc148485af1e44af671b5e6eddc",
        "type": "github"
      },
      "original": {
        "owner": "sergei-mironov",
        "repo": "aicli",
        "type": "github"
      }
    },
    "nixpkgs": {
      "locked": {
        "lastModified": 1727010948,
        "narHash": "sha256-06KoptpoVoyIgJ4DNKRvPY3KAbjfrLHWxvWX4fK/GLc=",
        "owner": "grwlf",
        "repo": "nixpkgs",
        "rev": "54f38dc1f7ec68dee4f8ffce670e45cb8fa150bf",
        "type": "github"
      },
      "original": {
        "owner": "grwlf",
        "ref": "local17",
        "repo": "nixpkgs",
        "type": "github"
      }
    },
    "nixpkgs_2": {
      "locked": {
        "lastModified": 1727010948,
        "narHash": "sha256-06KoptpoVoyIgJ4DNKRvPY3KAbjfrLHWxvWX4fK/GLc=",
        "owner": "grwlf",
        "repo": "nixpkgs",
        "rev": "54f38dc1f7ec68dee4f8ffce670e45cb8fa150bf",
        "type": "github"
      },
      "original": {
        "owner": "grwlf",
        "ref": "local17",
        "repo": "nixpkgs",
        "type": "github"
      }
    },
    "root": {
      "inputs": {
        "aicli": "aicli",
        "nixpkgs": "nixpkgs_2"
      }
    }
  },
  "root": "root",
  "version": 7
}
