{
  "nodes": {
    "nixpkgs": {
      "locked": {
        "lastModified": 1784281566,
        "narHash": "sha256-Vyw1jK7FBSyUVW3fXcmU+2cyO1ESGa2NHf6PNRfkdvw=",
        "owner": "grwlf",
        "repo": "nixpkgs",
        "rev": "caf96c60c8647c155f42907e3b050d8efca34f45",
        "type": "github"
      },
      "original": {
        "owner": "grwlf",
        "ref": "local19",
        "repo": "nixpkgs",
        "type": "github"
      }
    },
    "root": {
      "inputs": {
        "nixpkgs": "nixpkgs"
      }
    }
  },
  "root": "root",
  "version": 7
}
