{
  "nodes": {
    "nixpkgs": {
      "locked": {
        "lastModified": 1719420079,
        "narHash": "sha256-lGqaOuxLGT6/MUd/w3epHDCr3stOoVge06zI0fmPhr0=",
        "owner": "grwlf",
        "repo": "nixpkgs",
        "rev": "d7fdc02f1e36ecb6545bdd55bc02e5b0dd9e12cf",
        "type": "github"
      },
      "original": {
        "owner": "grwlf",
        "ref": "local17",
        "repo": "nixpkgs",
        "type": "github"
      }
    },
    "root": {
      "inputs": {
        "nixpkgs": "nixpkgs"
      }
    }
  },
  "root": "root",
  "version": 7
}
